
Microsoft Visual Studio Solution File, Format Version 12.00
# Visual Studio Version 17
VisualStudioVersion = 17.9.34714.143
MinimumVisualStudioVersion = 10.0.40219.1
Project("{FAE04EC0-301F-11D3-BF4B-00C04F79EFBC}") = "ХРАНИТЕЛЬ ПРО", "ХРАНИТЕЛЬ ПРО\ХРАНИТЕЛЬ ПРО.csproj", "{CDD1EF00-F082-4258-8E9B-9FE432D41C36}"
EndProject
Global
	GlobalSection(SolutionConfigurationPlatforms) = preSolution
		Debug|Any CPU = Debug|Any CPU
		Release|Any CPU = Release|Any CPU
	EndGlobalSection
	GlobalSection(ProjectConfigurationPlatforms) = postSolution
		{CDD1EF00-F082-4258-8E9B-9FE432D41C36}.Debug|Any CPU.ActiveCfg = Debug|Any CPU
		{CDD1EF00-F082-4258-8E9B-9FE432D41C36}.Debug|Any CPU.Build.0 = Debug|Any CPU
		{CDD1EF00-F082-4258-8E9B-9FE432D41C36}.Release|Any CPU.ActiveCfg = Release|Any CPU
		{CDD1EF00-F082-4258-8E9B-9FE432D41C36}.Release|Any CPU.Build.0 = Release|Any CPU
	EndGlobalSection
	GlobalSection(SolutionProperties) = preSolution
		HideSolutionNode = FALSE
	EndGlobalSection
	GlobalSection(ExtensibilityGlobals) = postSolution
		SolutionGuid = {7CE500F7-B7E7-4988-ABBF-D6CF9BBDE334}
	EndGlobalSection
EndGlobal
