
Microsoft Visual Studio Solution File, Format Version 12.00
# Visual Studio Version 17
VisualStudioVersion = 17.9.34714.143
MinimumVisualStudioVersion = 10.0.40219.1
Project("{FAE04EC0-301F-11D3-BF4B-00C04F79EFBC}") = "ОбщийОтдел", "ОбщийОтдел\ОбщийОтдел.csproj", "{72B2309A-FAA6-497A-A7FE-84878B4F4A18}"
EndProject
Global
	GlobalSection(SolutionConfigurationPlatforms) = preSolution
		Debug|Any CPU = Debug|Any CPU
		Release|Any CPU = Release|Any CPU
	EndGlobalSection
	GlobalSection(ProjectConfigurationPlatforms) = postSolution
		{72B2309A-FAA6-497A-A7FE-84878B4F4A18}.Debug|Any CPU.ActiveCfg = Debug|Any CPU
		{72B2309A-FAA6-497A-A7FE-84878B4F4A18}.Debug|Any CPU.Build.0 = Debug|Any CPU
		{72B2309A-FAA6-497A-A7FE-84878B4F4A18}.Release|Any CPU.ActiveCfg = Release|Any CPU
		{72B2309A-FAA6-497A-A7FE-84878B4F4A18}.Release|Any CPU.Build.0 = Release|Any CPU
	EndGlobalSection
	GlobalSection(SolutionProperties) = preSolution
		HideSolutionNode = FALSE
	EndGlobalSection
	GlobalSection(ExtensibilityGlobals) = postSolution
		SolutionGuid = {EBD93FE1-4B69-4514-A2A2-84428FC5918E}
	EndGlobalSection
EndGlobal
